
Microsoft Visual Studio Solution File, Format Version 12.00
# Visual Studio Version 17
VisualStudioVersion = 17.14.36408.4 d17.14
MinimumVisualStudioVersion = 10.0.40219.1
Project("{FAE04EC0-301F-11D3-BF4B-00C04F79EFBC}") = "WebApplication1", "WebApplication1\WebApplication1.csproj", "{9276A84D-936D-4515-9408-93E28AAB3F36}"
EndProject
Global
	GlobalSection(SolutionConfigurationPlatforms) = preSolution
		Debug|Any CPU = Debug|Any CPU
		Release|Any CPU = Release|Any CPU
	EndGlobalSection
	GlobalSection(ProjectConfigurationPlatforms) = postSolution
		{9276A84D-936D-4515-9408-93E28AAB3F36}.Debug|Any CPU.ActiveCfg = Debug|Any CPU
		{9276A84D-936D-4515-9408-93E28AAB3F36}.Debug|Any CPU.Build.0 = Debug|Any CPU
		{9276A84D-936D-4515-9408-93E28AAB3F36}.Release|Any CPU.ActiveCfg = Release|Any CPU
		{9276A84D-936D-4515-9408-93E28AAB3F36}.Release|Any CPU.Build.0 = Release|Any CPU
	EndGlobalSection
	GlobalSection(SolutionProperties) = preSolution
		HideSolutionNode = FALSE
	EndGlobalSection
	GlobalSection(ExtensibilityGlobals) = postSolution
		SolutionGuid = {809EB4DF-332E-41EC-8496-EB9FD55337B4}
	EndGlobalSection
EndGlobal
